
Microsoft Visual Studio Solution File, Format Version 12.00
# Visual Studio Version 16
VisualStudioVersion = 16.0.30523.141
MinimumVisualStudioVersion = 10.0.40219.1
Project("{9A19103F-16F7-4668-BE54-9A1E7A4F7556}") = "OnlineBookDAL", "OnlineBookDAL\OnlineBookDAL.csproj", "{43157317-77F1-450B-9001-B9BEF4BE906A}"
EndProject
Project("{9A19103F-16F7-4668-BE54-9A1E7A4F7556}") = "OnlineBookConsole", "OnlineBookConsole\OnlineBookConsole.csproj", "{427043C1-7F61-4D47-9BC8-2F33AAEE9887}"
EndProject
Project("{FAE04EC0-301F-11D3-BF4B-00C04F79EFBC}") = "OnlineBookService", "OnlineBookService\OnlineBookService.csproj", "{49E95A34-AFE9-4B28-886C-6378D08F8D87}"
EndProject
Global
	GlobalSection(SolutionConfigurationPlatforms) = preSolution
		Debug|Any CPU = Debug|Any CPU
		Release|Any CPU = Release|Any CPU
	EndGlobalSection
	GlobalSection(ProjectConfigurationPlatforms) = postSolution
		{43157317-77F1-450B-9001-B9BEF4BE906A}.Debug|Any CPU.ActiveCfg = Debug|Any CPU
		{43157317-77F1-450B-9001-B9BEF4BE906A}.Debug|Any CPU.Build.0 = Debug|Any CPU
		{43157317-77F1-450B-9001-B9BEF4BE906A}.Release|Any CPU.ActiveCfg = Release|Any CPU
		{43157317-77F1-450B-9001-B9BEF4BE906A}.Release|Any CPU.Build.0 = Release|Any CPU
		{427043C1-7F61-4D47-9BC8-2F33AAEE9887}.Debug|Any CPU.ActiveCfg = Debug|Any CPU
		{427043C1-7F61-4D47-9BC8-2F33AAEE9887}.Debug|Any CPU.Build.0 = Debug|Any CPU
		{427043C1-7F61-4D47-9BC8-2F33AAEE9887}.Release|Any CPU.ActiveCfg = Release|Any CPU
		{427043C1-7F61-4D47-9BC8-2F33AAEE9887}.Release|Any CPU.Build.0 = Release|Any CPU
		{49E95A34-AFE9-4B28-886C-6378D08F8D87}.Debug|Any CPU.ActiveCfg = Debug|Any CPU
		{49E95A34-AFE9-4B28-886C-6378D08F8D87}.Debug|Any CPU.Build.0 = Debug|Any CPU
		{49E95A34-AFE9-4B28-886C-6378D08F8D87}.Release|Any CPU.ActiveCfg = Release|Any CPU
		{49E95A34-AFE9-4B28-886C-6378D08F8D87}.Release|Any CPU.Build.0 = Release|Any CPU
	EndGlobalSection
	GlobalSection(SolutionProperties) = preSolution
		HideSolutionNode = FALSE
	EndGlobalSection
	GlobalSection(ExtensibilityGlobals) = postSolution
		SolutionGuid = {1C029D91-0B5B-4BCD-B79C-83539583EAA3}
	EndGlobalSection
EndGlobal
